
Microsoft Visual Studio Solution File, Format Version 12.00
# Visual Studio 15
VisualStudioVersion = 15.0.28307.421
MinimumVisualStudioVersion = 10.0.40219.1
Project("{9A19103F-16F7-4668-BE54-9A1E7A4F7556}") = "DotVVM.CommandLine", "..\dotvvm\src\DotVVM.CommandLine\DotVVM.CommandLine.csproj", "{3D7D2994-F166-4773-829E-4E25EA237B32}"
EndProject
Project("{9A19103F-16F7-4668-BE54-9A1E7A4F7556}") = "DotVVM.Framework.Testing.SeleniumHelpers", "DotVVM.Framework.Testing.SeleniumHelpers\DotVVM.Framework.Testing.SeleniumHelpers.csproj", "{FA2145D5-CAC0-482B-9883-5E01ED9975CE}"
EndProject
Project("{9A19103F-16F7-4668-BE54-9A1E7A4F7556}") = "DotVVM.Framework.Tools.SeleniumGenerator", "DotVVM.Framework.Tools.SeleniumGenerator\DotVVM.Framework.Tools.SeleniumGenerator.csproj", "{6C0C7FC1-A78F-43CB-B71B-95AB387D1502}"
EndProject
Project("{9A19103F-16F7-4668-BE54-9A1E7A4F7556}") = "DotVVM.Core", "..\dotvvm\src\DotVVM.Core\DotVVM.Core.csproj", "{1A8EE52B-2FE7-4ADB-8835-7F560AD793FE}"
EndProject
Project("{9A19103F-16F7-4668-BE54-9A1E7A4F7556}") = "DotVVM.Framework", "..\dotvvm\src\DotVVM.Framework\DotVVM.Framework.csproj", "{4CB0C492-A0A8-48F7-9A67-ACE7A2AA546E}"
EndProject
Project("{2150E333-8FDC-42A3-9474-1A3956D46DE8}") = "Framework", "Framework", "{089DC67C-3FB5-4330-B201-E5E27C768BC5}"
EndProject
Project("{2150E333-8FDC-42A3-9474-1A3956D46DE8}") = "CommandLine", "CommandLine", "{DA217F52-F86E-4DEA-92EB-9CFAE8216CD0}"
EndProject
Project("{2150E333-8FDC-42A3-9474-1A3956D46DE8}") = "Proxies", "Proxies", "{809528A2-D7DE-4488-9C4C-0CFD5D778098}"
EndProject
Project("{2150E333-8FDC-42A3-9474-1A3956D46DE8}") = "Samples", "Samples", "{E7E2CC6D-6B3F-4913-BEB7-9EEA27F6281B}"
EndProject
Project("{FAE04EC0-301F-11D3-BF4B-00C04F79EFBC}") = "SampleApp1", "Samples\SampleApp1\SampleApp1.csproj", "{D2CBEA9B-358E-4A49-8B49-888BB6FF9800}"
EndProject
Global
	GlobalSection(SolutionConfigurationPlatforms) = preSolution
		Debug|Any CPU = Debug|Any CPU
		Release|Any CPU = Release|Any CPU
	EndGlobalSection
	GlobalSection(ProjectConfigurationPlatforms) = postSolution
		{3D7D2994-F166-4773-829E-4E25EA237B32}.Debug|Any CPU.ActiveCfg = Debug|Any CPU
		{3D7D2994-F166-4773-829E-4E25EA237B32}.Debug|Any CPU.Build.0 = Debug|Any CPU
		{3D7D2994-F166-4773-829E-4E25EA237B32}.Release|Any CPU.ActiveCfg = Release|Any CPU
		{3D7D2994-F166-4773-829E-4E25EA237B32}.Release|Any CPU.Build.0 = Release|Any CPU
		{FA2145D5-CAC0-482B-9883-5E01ED9975CE}.Debug|Any CPU.ActiveCfg = Debug|Any CPU
		{FA2145D5-CAC0-482B-9883-5E01ED9975CE}.Debug|Any CPU.Build.0 = Debug|Any CPU
		{FA2145D5-CAC0-482B-9883-5E01ED9975CE}.Release|Any CPU.ActiveCfg = Release|Any CPU
		{FA2145D5-CAC0-482B-9883-5E01ED9975CE}.Release|Any CPU.Build.0 = Release|Any CPU
		{6C0C7FC1-A78F-43CB-B71B-95AB387D1502}.Debug|Any CPU.ActiveCfg = Debug|Any CPU
		{6C0C7FC1-A78F-43CB-B71B-95AB387D1502}.Debug|Any CPU.Build.0 = Debug|Any CPU
		{6C0C7FC1-A78F-43CB-B71B-95AB387D1502}.Release|Any CPU.ActiveCfg = Release|Any CPU
		{6C0C7FC1-A78F-43CB-B71B-95AB387D1502}.Release|Any CPU.Build.0 = Release|Any CPU
		{1A8EE52B-2FE7-4ADB-8835-7F560AD793FE}.Debug|Any CPU.ActiveCfg = Debug|Any CPU
		{1A8EE52B-2FE7-4ADB-8835-7F560AD793FE}.Debug|Any CPU.Build.0 = Debug|Any CPU
		{1A8EE52B-2FE7-4ADB-8835-7F560AD793FE}.Release|Any CPU.ActiveCfg = Release|Any CPU
		{1A8EE52B-2FE7-4ADB-8835-7F560AD793FE}.Release|Any CPU.Build.0 = Release|Any CPU
		{4CB0C492-A0A8-48F7-9A67-ACE7A2AA546E}.Debug|Any CPU.ActiveCfg = Debug|Any CPU
		{4CB0C492-A0A8-48F7-9A67-ACE7A2AA546E}.Debug|Any CPU.Build.0 = Debug|Any CPU
		{4CB0C492-A0A8-48F7-9A67-ACE7A2AA546E}.Release|Any CPU.ActiveCfg = Release|Any CPU
		{4CB0C492-A0A8-48F7-9A67-ACE7A2AA546E}.Release|Any CPU.Build.0 = Release|Any CPU
		{D2CBEA9B-358E-4A49-8B49-888BB6FF9800}.Debug|Any CPU.ActiveCfg = Debug|Any CPU
		{D2CBEA9B-358E-4A49-8B49-888BB6FF9800}.Debug|Any CPU.Build.0 = Debug|Any CPU
		{D2CBEA9B-358E-4A49-8B49-888BB6FF9800}.Release|Any CPU.ActiveCfg = Release|Any CPU
		{D2CBEA9B-358E-4A49-8B49-888BB6FF9800}.Release|Any CPU.Build.0 = Release|Any CPU
	EndGlobalSection
	GlobalSection(SolutionProperties) = preSolution
		HideSolutionNode = FALSE
	EndGlobalSection
	GlobalSection(NestedProjects) = preSolution
		{3D7D2994-F166-4773-829E-4E25EA237B32} = {DA217F52-F86E-4DEA-92EB-9CFAE8216CD0}
		{FA2145D5-CAC0-482B-9883-5E01ED9975CE} = {809528A2-D7DE-4488-9C4C-0CFD5D778098}
		{6C0C7FC1-A78F-43CB-B71B-95AB387D1502} = {DA217F52-F86E-4DEA-92EB-9CFAE8216CD0}
		{1A8EE52B-2FE7-4ADB-8835-7F560AD793FE} = {089DC67C-3FB5-4330-B201-E5E27C768BC5}
		{4CB0C492-A0A8-48F7-9A67-ACE7A2AA546E} = {089DC67C-3FB5-4330-B201-E5E27C768BC5}
		{D2CBEA9B-358E-4A49-8B49-888BB6FF9800} = {E7E2CC6D-6B3F-4913-BEB7-9EEA27F6281B}
	EndGlobalSection
	GlobalSection(ExtensibilityGlobals) = postSolution
		SolutionGuid = {6F531FEB-3515-428B-9DBD-FB81D363B433}
	EndGlobalSection
EndGlobal
